{
  "version": "4",
  "specifiers": {
    "jsr:@std/assert@*": "1.0.12",
    "jsr:@std/fmt@^1.0.5": "1.0.6",
    "jsr:@std/fs@^1.0.11": "1.0.16",
    "jsr:@std/internal@^1.0.6": "1.0.6",
    "jsr:@std/io@~0.225.2": "0.225.2",
    "jsr:@std/log@*": "0.224.14"
  },
  "jsr": {
    "@std/assert@1.0.8": {
      "integrity": "ebe0bd7eb488ee39686f77003992f389a06c3da1bbd8022184804852b2fa641b"
    },
    "@std/assert@1.0.12": {
      "integrity": "08009f0926dda9cbd8bef3a35d3b6a4b964b0ab5c3e140a4e0351fbf34af5b9a",
      "dependencies": [
        "jsr:@std/internal"
      ]
    },
    "@std/fmt@1.0.6": {
      "integrity": "a2c56a69a2369876ddb3ad6a500bb6501b5bad47bb3ea16bfb0c18974d2661fc"
    },
    "@std/fs@1.0.16": {
      "integrity": "81878f62b6eeda0bf546197fc3daa5327c132fee1273f6113f940784a468b036"
    },
    "@std/internal@1.0.6": {
      "integrity": "9533b128f230f73bd209408bb07a4b12f8d4255ab2a4d22a1fd6d87304aca9a4"
    },
    "@std/io@0.225.2": {
      "integrity": "3c740cd4ee4c082e6cfc86458f47e2ab7cb353dc6234d5e9b1f91a2de5f4d6c7"
    },
    "@std/log@0.224.14": {
      "integrity": "257f7adceee3b53bb2bc86c7242e7d1bc59729e57d4981c4a7e5b876c808f05e",
      "dependencies": [
        "jsr:@std/fmt",
        "jsr:@std/fs",
        "jsr:@std/io"
      ]
    }
  },
  "redirects": {
    "https://esm.sh/@babel/standalone@^7": "https://esm.sh/@babel/standalone@7.27.0",
    "https://esm.sh/@types/babel__standalone@~7.1.9/index.d.ts": "https://esm.sh/@types/babel__standalone@7.1.9/index.d.ts"
  },
  "remote": {
    "https://esm.sh/@babel/standalone@7.27.0": "82a6873adc960aaa2ab9fcb605fc634754f5cd39ea121b442a0a000fbd24ef58",
    "https://esm.sh/@babel/standalone@7.27.0/denonext/standalone.mjs": "6f94ca101fdcdf0b394117c26493444a6ad8ab3b0509b4faf843442877d15efb",
    "https://esm.sh/acorn@8.11.3/denonext/acorn.development.bundle.mjs": "9aa59639bbdc0220337f8fe48b080924cb68c75dd496975cf9ffdf9743448e76",
    "https://esm.sh/acorn@8.11.3?dev&bundle": "460a9a4118c9963f12519b7207410d0bbcf344f0cd387206b37d32021fdc7dc4"
  }
}
