{
  "version": "3",
  "packages": {
    "specifiers": {
      "jsr:@std/assert": "jsr:@std/assert@0.225.1",
      "jsr:@std/assert@^0.225.1": "jsr:@std/assert@0.225.1",
      "jsr:@std/fmt@^0.225.0": "jsr:@std/fmt@0.225.0",
      "jsr:@std/fs@^0.229.0": "jsr:@std/fs@0.229.1",
      "jsr:@std/internal@^0.225.0": "jsr:@std/internal@0.225.0",
      "jsr:@std/io@^0.224.0": "jsr:@std/io@0.224.0",
      "jsr:@std/log": "jsr:@std/log@0.224.1"
    },
    "jsr": {
      "@std/assert@0.225.1": {
        "integrity": "7342fa32a6d82c2c7c98ffea566baa9a892d04b22815b9fcf62cedeee5764f9c",
        "dependencies": [
          "jsr:@std/fmt@^0.225.0",
          "jsr:@std/internal@^0.225.0"
        ]
      },
      "@std/fmt@0.225.0": {
        "integrity": "982e7d1a8b8869338cc5b58e2669f7c6889ea9822f1278494dc43edba7f4c4b4"
      },
      "@std/fs@0.229.1": {
        "integrity": "38d3fb31f0ca0a8c1118e039939188f32e291a3f7f17dc0868fec22024bdfadd"
      },
      "@std/internal@0.225.0": {
        "integrity": "6f501a91aa5ee992f8f9ffb45fa103bc04031df65f6a3550e1c5d7e6304cd34a"
      },
      "@std/io@0.224.0": {
        "integrity": "0aff885d21d829c050b8a08b1d71b54aed5841aecf227f8d77e99ec529a11e8e"
      },
      "@std/log@0.224.1": {
        "integrity": "243688532289298670034915da5e2987cc544938c566c7d508afb7e06ec3fe9d",
        "dependencies": [
          "jsr:@std/assert@^0.225.1",
          "jsr:@std/fmt@^0.225.0",
          "jsr:@std/fs@^0.229.0",
          "jsr:@std/io@^0.224.0"
        ]
      }
    }
  },
  "redirects": {
    "https://esm.sh/@babel/standalone@^7": "https://esm.sh/@babel/standalone@7.24.6",
    "https://esm.sh/v135/@types/babel__standalone@~7/index.d.ts": "https://esm.sh/v135/@types/babel__standalone@7.1.7/index.d.ts"
  },
  "remote": {
    "https://esm.sh/@babel/standalone@7.24.6": "97f5ea3fd45a3ec0e5c8a3416f554c85dcac756ddee4a042e9f398d819392457",
    "https://esm.sh/acorn@8.10.0?dev&bundle": "51839913f2395c4ad883527f273e6e437635eccd92a49bdaf9eb845d9e23f629",
    "https://esm.sh/acorn@8.11.3?dev&bundle": "7b3660ab7e56543e1543e6cef2a3dc9f810e9f726471c37c993dc31c6fd35e0b",
    "https://esm.sh/v135/@babel/standalone@7.24.6/denonext/standalone.mjs": "fe57b5feaaf68cddcf989aa32285cae2c9ad6bd6a8207056e5c9d5cb80f150a4",
    "https://esm.sh/v135/acorn@8.10.0/denonext/acorn.development.bundle.mjs": "66251b5bcea73c22f57b7397f107c5c9ce4aa6c70ece950d501a85d9850608ba",
    "https://esm.sh/v135/acorn@8.11.3/denonext/acorn.development.bundle.mjs": "9bcac189b81d0668804123bfe27bbb83993d097934309a193f27a212ae8dceaa"
  }
}
